
Microsoft Visual Studio Solution File, Format Version 11.00
# Visual Studio 2010
Project("{FAE04EC0-301F-11D3-BF4B-00C04F79EFBC}") = "PixelDawn", "Assembly-CSharp.csproj", "{417930E8-4A0E-78B5-E468-A4CFD86A2DE4}"
EndProject
Project("{FAE04EC0-301F-11D3-BF4B-00C04F79EFBC}") = "PixelDawn", "Assembly-CSharp-Editor.csproj", "{CB5AF922-00DE-D311-3535-98BA9FA48104}"
EndProject
Global
	GlobalSection(SolutionConfigurationPlatforms) = preSolution
		Debug|Any CPU = Debug|Any CPU
		Release|Any CPU = Release|Any CPU
	EndGlobalSection
	GlobalSection(ProjectConfigurationPlatforms) = postSolution
		{417930E8-4A0E-78B5-E468-A4CFD86A2DE4}.Debug|Any CPU.ActiveCfg = Debug|Any CPU
		{417930E8-4A0E-78B5-E468-A4CFD86A2DE4}.Debug|Any CPU.Build.0 = Debug|Any CPU
		{417930E8-4A0E-78B5-E468-A4CFD86A2DE4}.Release|Any CPU.ActiveCfg = Release|Any CPU
		{417930E8-4A0E-78B5-E468-A4CFD86A2DE4}.Release|Any CPU.Build.0 = Release|Any CPU
		{CB5AF922-00DE-D311-3535-98BA9FA48104}.Debug|Any CPU.ActiveCfg = Debug|Any CPU
		{CB5AF922-00DE-D311-3535-98BA9FA48104}.Debug|Any CPU.Build.0 = Debug|Any CPU
		{CB5AF922-00DE-D311-3535-98BA9FA48104}.Release|Any CPU.ActiveCfg = Release|Any CPU
		{CB5AF922-00DE-D311-3535-98BA9FA48104}.Release|Any CPU.Build.0 = Release|Any CPU
	EndGlobalSection
	GlobalSection(SolutionProperties) = preSolution
		HideSolutionNode = FALSE
	EndGlobalSection
	GlobalSection(MonoDevelopProperties) = preSolution
		StartupItem = Assembly-CSharp.csproj
	EndGlobalSection
EndGlobal
